
Microsoft Visual Studio Solution File, Format Version 12.00
# Visual Studio Version 17
VisualStudioVersion = 17.0.31903.59
MinimumVisualStudioVersion = 10.0.40219.1
Project("{9A19103F-16F7-4668-BE54-9A1E7A4F7556}") = "CocomoTest", "CocomoTest\CocomoTest.csproj", "{A5C9FF5E-2AF4-4431-B76F-03D78EC01D61}"
EndProject
Project("{9A19103F-16F7-4668-BE54-9A1E7A4F7556}") = "GeneralCocomoLibrary", "GeneralCocomoLibrary\GeneralCocomoLibrary.csproj", "{AC53CBDF-88F1-48CE-8616-DCD55A800970}"
EndProject
Project("{9A19103F-16F7-4668-BE54-9A1E7A4F7556}") = "CocomoFirstBasicLibrary", "CocomoFirstBasicLibrary\CocomoFirstBasicLibrary.csproj", "{1629D647-87B3-4167-A24F-0DE099629E8E}"
EndProject
Project("{9A19103F-16F7-4668-BE54-9A1E7A4F7556}") = "CocomoFirstLibrary", "CocomoFirstLibrary\CocomoFirstLibrary.csproj", "{AED27F54-5F17-44C1-A3F9-50805A3841C0}"
EndProject
Project("{9A19103F-16F7-4668-BE54-9A1E7A4F7556}") = "CocomoFirstAverageLibrary", "CocomoFirstAverageLibrary\CocomoFirstAverageLibrary.csproj", "{497AE7FE-F256-482C-9BD2-595FE910C211}"
EndProject
Global
	GlobalSection(SolutionConfigurationPlatforms) = preSolution
		Debug|Any CPU = Debug|Any CPU
		Release|Any CPU = Release|Any CPU
	EndGlobalSection
	GlobalSection(ProjectConfigurationPlatforms) = postSolution
		{A5C9FF5E-2AF4-4431-B76F-03D78EC01D61}.Debug|Any CPU.ActiveCfg = Debug|Any CPU
		{A5C9FF5E-2AF4-4431-B76F-03D78EC01D61}.Debug|Any CPU.Build.0 = Debug|Any CPU
		{A5C9FF5E-2AF4-4431-B76F-03D78EC01D61}.Release|Any CPU.ActiveCfg = Release|Any CPU
		{A5C9FF5E-2AF4-4431-B76F-03D78EC01D61}.Release|Any CPU.Build.0 = Release|Any CPU
		{AC53CBDF-88F1-48CE-8616-DCD55A800970}.Debug|Any CPU.ActiveCfg = Debug|Any CPU
		{AC53CBDF-88F1-48CE-8616-DCD55A800970}.Debug|Any CPU.Build.0 = Debug|Any CPU
		{AC53CBDF-88F1-48CE-8616-DCD55A800970}.Release|Any CPU.ActiveCfg = Release|Any CPU
		{AC53CBDF-88F1-48CE-8616-DCD55A800970}.Release|Any CPU.Build.0 = Release|Any CPU
		{1629D647-87B3-4167-A24F-0DE099629E8E}.Debug|Any CPU.ActiveCfg = Debug|Any CPU
		{1629D647-87B3-4167-A24F-0DE099629E8E}.Debug|Any CPU.Build.0 = Debug|Any CPU
		{1629D647-87B3-4167-A24F-0DE099629E8E}.Release|Any CPU.ActiveCfg = Release|Any CPU
		{1629D647-87B3-4167-A24F-0DE099629E8E}.Release|Any CPU.Build.0 = Release|Any CPU
		{AED27F54-5F17-44C1-A3F9-50805A3841C0}.Debug|Any CPU.ActiveCfg = Debug|Any CPU
		{AED27F54-5F17-44C1-A3F9-50805A3841C0}.Debug|Any CPU.Build.0 = Debug|Any CPU
		{AED27F54-5F17-44C1-A3F9-50805A3841C0}.Release|Any CPU.ActiveCfg = Release|Any CPU
		{AED27F54-5F17-44C1-A3F9-50805A3841C0}.Release|Any CPU.Build.0 = Release|Any CPU
		{497AE7FE-F256-482C-9BD2-595FE910C211}.Debug|Any CPU.ActiveCfg = Debug|Any CPU
		{497AE7FE-F256-482C-9BD2-595FE910C211}.Debug|Any CPU.Build.0 = Debug|Any CPU
		{497AE7FE-F256-482C-9BD2-595FE910C211}.Release|Any CPU.ActiveCfg = Release|Any CPU
		{497AE7FE-F256-482C-9BD2-595FE910C211}.Release|Any CPU.Build.0 = Release|Any CPU
	EndGlobalSection
	GlobalSection(SolutionProperties) = preSolution
		HideSolutionNode = FALSE
	EndGlobalSection
	GlobalSection(ExtensibilityGlobals) = postSolution
		SolutionGuid = {EAEB7D46-A146-410E-B7FC-915EEEADA836}
	EndGlobalSection
EndGlobal
